PODS:
  - YZAppSDK (6.3.1):
    - YZAppSDK/Base (= 6.3.1)
  - YZAppSDK/Base (6.3.1):
    - YZAppSDK/Core
  - YZAppSDK/Core (6.3.1)

DEPENDENCIES:
  - YZAppSDK (from `../YZAppSDK.podspec`)

EXTERNAL SOURCES:
  YZAppSDK:
    :podspec: ../YZAppSDK.podspec

SPEC CHECKSUMS:
  YZAppSDK: 55703f44db8cae5e90f832cc6ce0e8ffa1ec553a

PODFILE CHECKSUM: c7ab803a5ddd754cd4f25a30de57d796eb257790

COCOAPODS: 1.4.0
