PODS:
  - YZAppSDK (6.4.12):
    - YZAppSDK/Base (= 6.4.12)
  - YZAppSDK/Base (6.4.12):
    - YZAppSDK/Core
  - YZAppSDK/Core (6.4.12)

DEPENDENCIES:
  - YZAppSDK (from `../YZAppSDK.podspec`)

EXTERNAL SOURCES:
  YZAppSDK:
    :podspec: "../YZAppSDK.podspec"

SPEC CHECKSUMS:
  YZAppSDK: 638f20248b41e88951eebbecac8bff9c35915bd7

PODFILE CHECKSUM: c7ab803a5ddd754cd4f25a30de57d796eb257790

COCOAPODS: 1.5.3
