PODS:
  - YZAppSDK (6.1.0):
    - YZAppSDK/Base (= 6.1.0)
  - YZAppSDK/Base (6.1.0):
    - YZAppSDK/Core
  - YZAppSDK/Core (6.1.0)

DEPENDENCIES:
  - YZAppSDK (from `../YZAppSDK.podspec`)

EXTERNAL SOURCES:
  YZAppSDK:
    :podspec: ../YZAppSDK.podspec

SPEC CHECKSUMS:
  YZAppSDK: 0500342d70a7d06e92715e94b07978c179b41184

PODFILE CHECKSUM: 67abd8a6b0d13a1ba1ef440ba9929648ec2c258b

COCOAPODS: 1.4.0.beta.1
